
Microsoft Visual Studio Solution File, Format Version 12.00
# Visual Studio Version 17
VisualStudioVersion = 17.2.32630.192
MinimumVisualStudioVersion = 10.0.40219.1
Project("{FAE04EC0-301F-11D3-BF4B-00C04F79EFBC}") = "WpfApp1", "WpfApp1\WpfApp1.csproj", "{7307E6DF-175D-4D1B-A117-A06A50294AD9}"
EndProject
Global
	GlobalSection(SolutionConfigurationPlatforms) = preSolution
		Debug|Any CPU = Debug|Any CPU
		Release|Any CPU = Release|Any CPU
	EndGlobalSection
	GlobalSection(ProjectConfigurationPlatforms) = postSolution
		{7307E6DF-175D-4D1B-A117-A06A50294AD9}.Debug|Any CPU.ActiveCfg = Debug|Any CPU
		{7307E6DF-175D-4D1B-A117-A06A50294AD9}.Debug|Any CPU.Build.0 = Debug|Any CPU
		{7307E6DF-175D-4D1B-A117-A06A50294AD9}.Release|Any CPU.ActiveCfg = Release|Any CPU
		{7307E6DF-175D-4D1B-A117-A06A50294AD9}.Release|Any CPU.Build.0 = Release|Any CPU
	EndGlobalSection
	GlobalSection(SolutionProperties) = preSolution
		HideSolutionNode = FALSE
	EndGlobalSection
	GlobalSection(ExtensibilityGlobals) = postSolution
		SolutionGuid = {6B013BDE-AB67-4177-A8F8-70604E2B52A8}
	EndGlobalSection
EndGlobal
